
Microsoft Visual Studio Solution File, Format Version 12.00
# Visual Studio Version 17
VisualStudioVersion = 17.6.33815.320
MinimumVisualStudioVersion = 10.0.40219.1
Project("{FAE04EC0-301F-11D3-BF4B-00C04F79EFBC}") = "App1.Android", "App1.Android\App1.Android.csproj", "{3363160D-0916-4A15-9453-A53DF54377E3}"
EndProject
Project("{FAE04EC0-301F-11D3-BF4B-00C04F79EFBC}") = "App1.iOS", "App1.iOS\App1.iOS.csproj", "{35B101B9-D95E-455F-ACDA-593311C9F59B}"
EndProject
Project("{FAE04EC0-301F-11D3-BF4B-00C04F79EFBC}") = "App1", "App1\App1.csproj", "{3A250FC7-C636-4216-9ED2-2B1F8300C5D6}"
EndProject
Global
	GlobalSection(SolutionConfigurationPlatforms) = preSolution
		Debug|Any CPU = Debug|Any CPU
		Debug|iPhone = Debug|iPhone
		Debug|iPhoneSimulator = Debug|iPhoneSimulator
		Release|Any CPU = Release|Any CPU
		Release|iPhone = Release|iPhone
		Release|iPhoneSimulator = Release|iPhoneSimulator
	EndGlobalSection
	GlobalSection(ProjectConfigurationPlatforms) = postSolution
		{3363160D-0916-4A15-9453-A53DF54377E3}.Debug|Any CPU.ActiveCfg = Debug|Any CPU
		{3363160D-0916-4A15-9453-A53DF54377E3}.Debug|Any CPU.Build.0 = Debug|Any CPU
		{3363160D-0916-4A15-9453-A53DF54377E3}.Debug|Any CPU.Deploy.0 = Debug|Any CPU
		{3363160D-0916-4A15-9453-A53DF54377E3}.Debug|iPhone.ActiveCfg = Debug|Any CPU
		{3363160D-0916-4A15-9453-A53DF54377E3}.Debug|iPhone.Build.0 = Debug|Any CPU
		{3363160D-0916-4A15-9453-A53DF54377E3}.Debug|iPhone.Deploy.0 = Debug|Any CPU
		{3363160D-0916-4A15-9453-A53DF54377E3}.Debug|iPhoneSimulator.ActiveCfg = Debug|Any CPU
		{3363160D-0916-4A15-9453-A53DF54377E3}.Debug|iPhoneSimulator.Build.0 = Debug|Any CPU
		{3363160D-0916-4A15-9453-A53DF54377E3}.Debug|iPhoneSimulator.Deploy.0 = Debug|Any CPU
		{3363160D-0916-4A15-9453-A53DF54377E3}.Release|Any CPU.ActiveCfg = Release|Any CPU
		{3363160D-0916-4A15-9453-A53DF54377E3}.Release|Any CPU.Build.0 = Release|Any CPU
		{3363160D-0916-4A15-9453-A53DF54377E3}.Release|Any CPU.Deploy.0 = Release|Any CPU
		{3363160D-0916-4A15-9453-A53DF54377E3}.Release|iPhone.ActiveCfg = Release|Any CPU
		{3363160D-0916-4A15-9453-A53DF54377E3}.Release|iPhone.Build.0 = Release|Any CPU
		{3363160D-0916-4A15-9453-A53DF54377E3}.Release|iPhone.Deploy.0 = Release|Any CPU
		{3363160D-0916-4A15-9453-A53DF54377E3}.Release|iPhoneSimulator.ActiveCfg = Release|Any CPU
		{3363160D-0916-4A15-9453-A53DF54377E3}.Release|iPhoneSimulator.Build.0 = Release|Any CPU
		{3363160D-0916-4A15-9453-A53DF54377E3}.Release|iPhoneSimulator.Deploy.0 = Release|Any CPU
		{35B101B9-D95E-455F-ACDA-593311C9F59B}.Debug|Any CPU.ActiveCfg = Debug|iPhone
		{35B101B9-D95E-455F-ACDA-593311C9F59B}.Debug|Any CPU.Build.0 = Debug|iPhone
		{35B101B9-D95E-455F-ACDA-593311C9F59B}.Debug|Any CPU.Deploy.0 = Debug|iPhone
		{35B101B9-D95E-455F-ACDA-593311C9F59B}.Debug|iPhone.ActiveCfg = Debug|iPhone
		{35B101B9-D95E-455F-ACDA-593311C9F59B}.Debug|iPhone.Build.0 = Debug|iPhone
		{35B101B9-D95E-455F-ACDA-593311C9F59B}.Debug|iPhone.Deploy.0 = Debug|iPhone
		{35B101B9-D95E-455F-ACDA-593311C9F59B}.Debug|iPhoneSimulator.ActiveCfg = Debug|iPhoneSimulator
		{35B101B9-D95E-455F-ACDA-593311C9F59B}.Debug|iPhoneSimulator.Build.0 = Debug|iPhoneSimulator
		{35B101B9-D95E-455F-ACDA-593311C9F59B}.Debug|iPhoneSimulator.Deploy.0 = Debug|iPhoneSimulator
		{35B101B9-D95E-455F-ACDA-593311C9F59B}.Release|Any CPU.ActiveCfg = Release|iPhoneSimulator
		{35B101B9-D95E-455F-ACDA-593311C9F59B}.Release|Any CPU.Build.0 = Release|iPhoneSimulator
		{35B101B9-D95E-455F-ACDA-593311C9F59B}.Release|Any CPU.Deploy.0 = Release|iPhoneSimulator
		{35B101B9-D95E-455F-ACDA-593311C9F59B}.Release|iPhone.ActiveCfg = Release|iPhone
		{35B101B9-D95E-455F-ACDA-593311C9F59B}.Release|iPhone.Build.0 = Release|iPhone
		{35B101B9-D95E-455F-ACDA-593311C9F59B}.Release|iPhone.Deploy.0 = Release|iPhone
		{35B101B9-D95E-455F-ACDA-593311C9F59B}.Release|iPhoneSimulator.ActiveCfg = Release|iPhoneSimulator
		{35B101B9-D95E-455F-ACDA-593311C9F59B}.Release|iPhoneSimulator.Build.0 = Release|iPhoneSimulator
		{35B101B9-D95E-455F-ACDA-593311C9F59B}.Release|iPhoneSimulator.Deploy.0 = Release|iPhoneSimulator
		{3A250FC7-C636-4216-9ED2-2B1F8300C5D6}.Debug|Any CPU.ActiveCfg = Debug|Any CPU
		{3A250FC7-C636-4216-9ED2-2B1F8300C5D6}.Debug|Any CPU.Build.0 = Debug|Any CPU
		{3A250FC7-C636-4216-9ED2-2B1F8300C5D6}.Debug|Any CPU.Deploy.0 = Debug|Any CPU
		{3A250FC7-C636-4216-9ED2-2B1F8300C5D6}.Debug|iPhone.ActiveCfg = Debug|Any CPU
		{3A250FC7-C636-4216-9ED2-2B1F8300C5D6}.Debug|iPhone.Build.0 = Debug|Any CPU
		{3A250FC7-C636-4216-9ED2-2B1F8300C5D6}.Debug|iPhone.Deploy.0 = Debug|Any CPU
		{3A250FC7-C636-4216-9ED2-2B1F8300C5D6}.Debug|iPhoneSimulator.ActiveCfg = Debug|Any CPU
		{3A250FC7-C636-4216-9ED2-2B1F8300C5D6}.Debug|iPhoneSimulator.Build.0 = Debug|Any CPU
		{3A250FC7-C636-4216-9ED2-2B1F8300C5D6}.Debug|iPhoneSimulator.Deploy.0 = Debug|Any CPU
		{3A250FC7-C636-4216-9ED2-2B1F8300C5D6}.Release|Any CPU.ActiveCfg = Release|Any CPU
		{3A250FC7-C636-4216-9ED2-2B1F8300C5D6}.Release|Any CPU.Build.0 = Release|Any CPU
		{3A250FC7-C636-4216-9ED2-2B1F8300C5D6}.Release|Any CPU.Deploy.0 = Release|Any CPU
		{3A250FC7-C636-4216-9ED2-2B1F8300C5D6}.Release|iPhone.ActiveCfg = Release|Any CPU
		{3A250FC7-C636-4216-9ED2-2B1F8300C5D6}.Release|iPhone.Build.0 = Release|Any CPU
		{3A250FC7-C636-4216-9ED2-2B1F8300C5D6}.Release|iPhone.Deploy.0 = Release|Any CPU
		{3A250FC7-C636-4216-9ED2-2B1F8300C5D6}.Release|iPhoneSimulator.ActiveCfg = Release|Any CPU
		{3A250FC7-C636-4216-9ED2-2B1F8300C5D6}.Release|iPhoneSimulator.Build.0 = Release|Any CPU
		{3A250FC7-C636-4216-9ED2-2B1F8300C5D6}.Release|iPhoneSimulator.Deploy.0 = Release|Any CPU
	EndGlobalSection
	GlobalSection(SolutionProperties) = preSolution
		HideSolutionNode = FALSE
	EndGlobalSection
	GlobalSection(ExtensibilityGlobals) = postSolution
		SolutionGuid = {D05D5FF9-4C92-4CA1-A7B8-E78EDE1E0CB7}
	EndGlobalSection
EndGlobal
